
Microsoft Visual Studio Solution File, Format Version 12.00
# Visual Studio Version 17
VisualStudioVersion = 17.0.31903.59
MinimumVisualStudioVersion = 10.0.40219.1
Project("{FAE04EC0-301F-11D3-BF4B-00C04F79EFBC}") = "ProducerMessageUser", "ProducerMessageUser\ProducerMessageUser.csproj", "{3C850254-72C1-4A9B-85CA-5B9712515B7D}"
EndProject
Project("{FAE04EC0-301F-11D3-BF4B-00C04F79EFBC}") = "ConsumerMessageUser", "ConsumerMessageUser\ConsumerMessageUser.csproj", "{18CCF99E-98F0-483B-8AC7-FBAB10BD97FD}"
EndProject
Global
	GlobalSection(SolutionConfigurationPlatforms) = preSolution
		Debug|Any CPU = Debug|Any CPU
		Release|Any CPU = Release|Any CPU
	EndGlobalSection
	GlobalSection(SolutionProperties) = preSolution
		HideSolutionNode = FALSE
	EndGlobalSection
	GlobalSection(ProjectConfigurationPlatforms) = postSolution
		{3C850254-72C1-4A9B-85CA-5B9712515B7D}.Debug|Any CPU.ActiveCfg = Debug|Any CPU
		{3C850254-72C1-4A9B-85CA-5B9712515B7D}.Debug|Any CPU.Build.0 = Debug|Any CPU
		{3C850254-72C1-4A9B-85CA-5B9712515B7D}.Release|Any CPU.ActiveCfg = Release|Any CPU
		{3C850254-72C1-4A9B-85CA-5B9712515B7D}.Release|Any CPU.Build.0 = Release|Any CPU
		{18CCF99E-98F0-483B-8AC7-FBAB10BD97FD}.Debug|Any CPU.ActiveCfg = Debug|Any CPU
		{18CCF99E-98F0-483B-8AC7-FBAB10BD97FD}.Debug|Any CPU.Build.0 = Debug|Any CPU
		{18CCF99E-98F0-483B-8AC7-FBAB10BD97FD}.Release|Any CPU.ActiveCfg = Release|Any CPU
		{18CCF99E-98F0-483B-8AC7-FBAB10BD97FD}.Release|Any CPU.Build.0 = Release|Any CPU
	EndGlobalSection
EndGlobal
